
Microsoft Visual Studio Solution File, Format Version 12.00
# Visual Studio 2012
Project("{FAE04EC0-301F-11D3-BF4B-00C04F79EFBC}") = "CSharpSamples.GeneralJournal", "CSharpSamples.GeneralJournal.csproj", "{13036C9C-0BD1-4BC0-9460-8D500D6BA6AC}"
EndProject
Project("{FAE04EC0-301F-11D3-BF4B-00C04F79EFBC}") = "CSharpSamples.Common", "..\CSharpSamples.Common\CSharpSamples.Common.csproj", "{0F82A90B-AF5A-46BC-B19B-0CEE75219569}"
EndProject
Project("{FAE04EC0-301F-11D3-BF4B-00C04F79EFBC}") = "SDK", "..\..\..\SDK\SDK\SDK.csproj", "{F7105066-8FBF-47C3-B9D6-5D439FE025FE}"
EndProject
Global
	GlobalSection(SolutionConfigurationPlatforms) = preSolution
		Debug|Any CPU = Debug|Any CPU
		Release|Any CPU = Release|Any CPU
	EndGlobalSection
	GlobalSection(ProjectConfigurationPlatforms) = postSolution
		{13036C9C-0BD1-4BC0-9460-8D500D6BA6AC}.Debug|Any CPU.ActiveCfg = Debug|Any CPU
		{13036C9C-0BD1-4BC0-9460-8D500D6BA6AC}.Debug|Any CPU.Build.0 = Debug|Any CPU
		{13036C9C-0BD1-4BC0-9460-8D500D6BA6AC}.Release|Any CPU.ActiveCfg = Release|Any CPU
		{13036C9C-0BD1-4BC0-9460-8D500D6BA6AC}.Release|Any CPU.Build.0 = Release|Any CPU
		{0F82A90B-AF5A-46BC-B19B-0CEE75219569}.Debug|Any CPU.ActiveCfg = Debug|Any CPU
		{0F82A90B-AF5A-46BC-B19B-0CEE75219569}.Debug|Any CPU.Build.0 = Debug|Any CPU
		{0F82A90B-AF5A-46BC-B19B-0CEE75219569}.Release|Any CPU.ActiveCfg = Release|Any CPU
		{0F82A90B-AF5A-46BC-B19B-0CEE75219569}.Release|Any CPU.Build.0 = Release|Any CPU
		{F7105066-8FBF-47C3-B9D6-5D439FE025FE}.Debug|Any CPU.ActiveCfg = Debug|Any CPU
		{F7105066-8FBF-47C3-B9D6-5D439FE025FE}.Debug|Any CPU.Build.0 = Debug|Any CPU
		{F7105066-8FBF-47C3-B9D6-5D439FE025FE}.Release|Any CPU.ActiveCfg = Release|Any CPU
		{F7105066-8FBF-47C3-B9D6-5D439FE025FE}.Release|Any CPU.Build.0 = Release|Any CPU
	EndGlobalSection
	GlobalSection(SolutionProperties) = preSolution
		HideSolutionNode = FALSE
	EndGlobalSection
EndGlobal
